
Microsoft Visual Studio Solution File, Format Version 12.00
# Visual Studio 2013
VisualStudioVersion = 12.0.31101.0
MinimumVisualStudioVersion = 10.0.40219.1
Project("{FAE04EC0-301F-11D3-BF4B-00C04F79EFBC}") = "SupermarketsChain", "SupermarketsChain\SupermarketsChain.csproj", "{34C1FFCF-3D25-4CC1-A350-EC0EEC9EAA7B}"
EndProject
Global
	GlobalSection(SolutionConfigurationPlatforms) = preSolution
		Debug|Any CPU = Debug|Any CPU
		Release|Any CPU = Release|Any CPU
	EndGlobalSection
	GlobalSection(ProjectConfigurationPlatforms) = postSolution
		{34C1FFCF-3D25-4CC1-A350-EC0EEC9EAA7B}.Debug|Any CPU.ActiveCfg = Debug|Any CPU
		{34C1FFCF-3D25-4CC1-A350-EC0EEC9EAA7B}.Debug|Any CPU.Build.0 = Debug|Any CPU
		{34C1FFCF-3D25-4CC1-A350-EC0EEC9EAA7B}.Release|Any CPU.ActiveCfg = Release|Any CPU
		{34C1FFCF-3D25-4CC1-A350-EC0EEC9EAA7B}.Release|Any CPU.Build.0 = Release|Any CPU
	EndGlobalSection
	GlobalSection(SolutionProperties) = preSolution
		HideSolutionNode = FALSE
	EndGlobalSection
EndGlobal
